// !$*UTF8*$!
{
	archiveVersion = 1;
	classes = {
	};
	objectVersion = 50;
	objects = {

/* Begin PBXBuildFile section */
		2F21775126BDF450008B3729 /* OlympusApp.swift in Sources */ = {isa = PBXBuildFile; fileRef = 2F21775026BDF450008B3729 /* OlympusApp.swift */; };
		2F21775526BDF453008B3729 /* Assets.xcassets in Resources */ = {isa = PBXBuildFile; fileRef = 2F21775426BDF453008B3729 /* Assets.xcassets */; };
		2F21775826BDF453008B3729 /* Preview Assets.xcassets in Resources */ = {isa = PBXBuildFile; fileRef = 2F21775726BDF453008B3729 /* Preview Assets.xcassets */; };
		2F21776426BDF49C008B3729 /* Home.swift in Sources */ = {isa = PBXBuildFile; fileRef = 2F21776326BDF49C008B3729 /* Home.swift */; };
		2F21776626BDF4A4008B3729 /* NewTrade.swift in Sources */ = {isa = PBXBuildFile; fileRef = 2F21776526BDF4A4008B3729 /* NewTrade.swift */; };
		2F21776926BDF507008B3729 /* Stocks.swift in Sources */ = {isa = PBXBuildFile; fileRef = 2F21776826BDF507008B3729 /* Stocks.swift */; };
		2F21776B26BDFE23008B3729 /* TradeDetail.swift in Sources */ = {isa = PBXBuildFile; fileRef = 2F21776A26BDFE23008B3729 /* TradeDetail.swift */; };
/* End PBXBuildFile section */

/* Begin PBXFileReference section */
		2F21774D26BDF450008B3729 /* Olympus.app */ = {isa = PBXFileReference; explicitFileType = wrapper.application; includeInIndex = 0; path = Olympus.app; sourceTree = BUILT_PRODUCTS_DIR; };
		2F21775026BDF450008B3729 /* OlympusApp.swift */ = {isa = PBXFileReference; lastKnownFileType = sourcecode.swift; path = OlympusApp.swift; sourceTree = "<group>"; };
		2F21775426BDF453008B3729 /* Assets.xcassets */ = {isa = PBXFileReference; lastKnownFileType = folder.assetcatalog; path = Assets.xcassets; sourceTree = "<group>"; };
		2F21775726BDF453008B3729 /* Preview Assets.xcassets */ = {isa = PBXFileReference; lastKnownFileType = folder.assetcatalog; path = "Preview Assets.xcassets"; sourceTree = "<group>"; };
		2F21775926BDF453008B3729 /* Info.plist */ = {isa = PBXFileReference; lastKnownFileType = text.plist.xml; path = Info.plist; sourceTree = "<group>"; };
		2F21776326BDF49C008B3729 /* Home.swift */ = {isa = PBXFileReference; lastKnownFileType = sourcecode.swift; path = Home.swift; sourceTree = "<group>"; };
		2F21776526BDF4A4008B3729 /* NewTrade.swift */ = {isa = PBXFileReference; lastKnownFileType = sourcecode.swift; path = NewTrade.swift; sourceTree = "<group>"; };
		2F21776826BDF507008B3729 /* Stocks.swift */ = {isa = PBXFileReference; lastKnownFileType = sourcecode.swift; path = Stocks.swift; sourceTree = "<group>"; };
		2F21776A26BDFE23008B3729 /* TradeDetail.swift */ = {isa = PBXFileReference; lastKnownFileType = sourcecode.swift; path = TradeDetail.swift; sourceTree = "<group>"; };
/* End PBXFileReference section */

/* Begin PBXFrameworksBuildPhase section */
		2F21774A26BDF450008B3729 /* Frameworks */ = {
			isa = PBXFrameworksBuildPhase;
			buildActionMask = 2147483647;
			files = (
			);
			runOnlyForDeploymentPostprocessing = 0;
		};
/* End PBXFrameworksBuildPhase section */

/* Begin PBXGroup section */
		2F21774426BDF450008B3729 = {
			isa = PBXGroup;
			children = (
				2F21774F26BDF450008B3729 /* Olympus */,
				2F21774E26BDF450008B3729 /* Products */,
			);
			sourceTree = "<group>";
		};
		2F21774E26BDF450008B3729 /* Products */ = {
			isa = PBXGroup;
			children = (
				2F21774D26BDF450008B3729 /* Olympus.app */,
			);
			name = Products;
			sourceTree = "<group>";
		};
		2F21774F26BDF450008B3729 /* Olympus */ = {
			isa = PBXGroup;
			children = (
				2F21776226BDF48A008B3729 /* Controllers */,
				2F21776026BDF479008B3729 /* Models */,
				2F21775F26BDF46F008B3729 /* Views */,
				2F21775026BDF450008B3729 /* OlympusApp.swift */,
				2F21775426BDF453008B3729 /* Assets.xcassets */,
				2F21775926BDF453008B3729 /* Info.plist */,
				2F21775626BDF453008B3729 /* Preview Content */,
			);
			path = Olympus;
			sourceTree = "<group>";
		};
		2F21775626BDF453008B3729 /* Preview Content */ = {
			isa = PBXGroup;
			children = (
				2F21775726BDF453008B3729 /* Preview Assets.xcassets */,
			);
			path = "Preview Content";
			sourceTree = "<group>";
		};
		2F21775F26BDF46F008B3729 /* Views */ = {
			isa = PBXGroup;
			children = (
				2F21776326BDF49C008B3729 /* Home.swift */,
				2F21776526BDF4A4008B3729 /* NewTrade.swift */,
				2F21776A26BDFE23008B3729 /* TradeDetail.swift */,
			);
			name = Views;
			sourceTree = "<group>";
		};
		2F21776026BDF479008B3729 /* Models */ = {
			isa = PBXGroup;
			children = (
				2F21776826BDF507008B3729 /* Stocks.swift */,
			);
			name = Models;
			sourceTree = "<group>";
		};
		2F21776226BDF48A008B3729 /* Controllers */ = {
			isa = PBXGroup;
			children = (
			);
			name = Controllers;
			sourceTree = "<group>";
		};
/* End PBXGroup section */

/* Begin PBXNativeTarget section */
		2F21774C26BDF450008B3729 /* Olympus */ = {
			isa = PBXNativeTarget;
			buildConfigurationList = 2F21775C26BDF453008B3729 /* Build configuration list for PBXNativeTarget "Olympus" */;
			buildPhases = (
				2F21774926BDF450008B3729 /* Sources */,
				2F21774A26BDF450008B3729 /* Frameworks */,
				2F21774B26BDF450008B3729 /* Resources */,
			);
			buildRules = (
			);
			dependencies = (
			);
			name = Olympus;
			productName = Olympus;
			productReference = 2F21774D26BDF450008B3729 /* Olympus.app */;
			productType = "com.apple.product-type.application";
		};
/* End PBXNativeTarget section */

/* Begin PBXProject section */
		2F21774526BDF450008B3729 /* Project object */ = {
			isa = PBXProject;
			attributes = {
				LastSwiftUpdateCheck = 1250;
				LastUpgradeCheck = 1250;
				TargetAttributes = {
					2F21774C26BDF450008B3729 = {
						CreatedOnToolsVersion = 12.5.1;
					};
				};
			};
			buildConfigurationList = 2F21774826BDF450008B3729 /* Build configuration list for PBXProject "Olympus" */;
			compatibilityVersion = "Xcode 9.3";
			developmentRegion = en;
			hasScannedForEncodings = 0;
			knownRegions = (
				en,
				Base,
			);
			mainGroup = 2F21774426BDF450008B3729;
			productRefGroup = 2F21774E26BDF450008B3729 /* Products */;
			projectDirPath = "";
			projectRoot = "";
			targets = (
				2F21774C26BDF450008B3729 /* Olympus */,
			);
		};
/* End PBXProject section */

/* Begin PBXResourcesBuildPhase section */
		2F21774B26BDF450008B3729 /* Resources */ = {
			isa = PBXResourcesBuildPhase;
			buildActionMask = 2147483647;
			files = (
				2F21775826BDF453008B3729 /* Preview Assets.xcassets in Resources */,
				2F21775526BDF453008B3729 /* Assets.xcassets in Resources */,
			);
			runOnlyForDeploymentPostprocessing = 0;
		};
/* End PBXResourcesBuildPhase section */

/* Begin PBXSourcesBuildPhase section */
		2F21774926BDF450008B3729 /* Sources */ = {
			isa = PBXSourcesBuildPhase;
			buildActionMask = 2147483647;
			files = (
				2F21776426BDF49C008B3729 /* Home.swift in Sources */,
				2F21775126BDF450008B3729 /* OlympusApp.swift in Sources */,
				2F21776926BDF507008B3729 /* Stocks.swift in Sources */,
				2F21776B26BDFE23008B3729 /* TradeDetail.swift in Sources */,
				2F21776626BDF4A4008B3729 /* NewTrade.swift in Sources */,
			);
			runOnlyForDeploymentPostprocessing = 0;
		};
/* End PBXSourcesBuildPhase section */

/* Begin XCBuildConfiguration section */
		2F21775A26BDF453008B3729 /* Debug */ = {
			isa = XCBuildConfiguration;
			buildSettings = {
				ALWAYS_SEARCH_USER_PATHS = NO;
				CLANG_ANALYZER_NONNULL = YES;
				CLANG_ANALYZER_NUMBER_OBJECT_CONVERSION = YES_AGGRESSIVE;
				CLANG_CXX_LANGUAGE_STANDARD = "gnu++14";
				CLANG_CXX_LIBRARY = "libc++";
				CLANG_ENABLE_MODULES = YES;
				CLANG_ENABLE_OBJC_ARC = YES;
				CLANG_ENABLE_OBJC_WEAK = YES;
				CLANG_WARN_BLOCK_CAPTURE_AUTORELEASING = YES;
				CLANG_WARN_BOOL_CONVERSION = YES;
				CLANG_WARN_COMMA = YES;
				CLANG_WARN_CONSTANT_CONVERSION = YES;
				CLANG_WARN_DEPRECATED_OBJC_IMPLEMENTATIONS = YES;
				CLANG_WARN_DIRECT_OBJC_ISA_USAGE = YES_ERROR;
				CLANG_WARN_DOCUMENTATION_COMMENTS = YES;
				CLANG_WARN_EMPTY_BODY = YES;
				CLANG_WARN_ENUM_CONVERSION = YES;
				CLANG_WARN_INFINITE_RECURSION = YES;
				CLANG_WARN_INT_CONVERSION = YES;
				CLANG_WARN_NON_LITERAL_NULL_CONVERSION = YES;
				CLANG_WARN_OBJC_IMPLICIT_RETAIN_SELF = YES;
				CLANG_WARN_OBJC_LITERAL_CONVERSION = YES;
				CLANG_WARN_OBJC_ROOT_CLASS = YES_ERROR;
				CLANG_WARN_QUOTED_INCLUDE_IN_FRAMEWORK_HEADER = YES;
				CLANG_WARN_RANGE_LOOP_ANALYSIS = YES;
				CLANG_WARN_STRICT_PROTOTYPES = YES;
				CLANG_WARN_SUSPICIOUS_MOVE = YES;
				CLANG_WARN_UNGUARDED_AVAILABILITY = YES_AGGRESSIVE;
				CLANG_WARN_UNREACHABLE_CODE = YES;
				CLANG_WARN__DUPLICATE_METHOD_MATCH = YES;
				COPY_PHASE_STRIP = NO;
				DEBUG_INFORMATION_FORMAT = dwarf;
				ENABLE_STRICT_OBJC_MSGSEND = YES;
				ENABLE_TESTABILITY = YES;
				GCC_C_LANGUAGE_STANDARD = gnu11;
				GCC_DYNAMIC_NO_PIC = NO;
				GCC_NO_COMMON_BLOCKS = YES;
				GCC_OPTIMIZATION_LEVEL = 0;
				GCC_PREPROCESSOR_DEFINITIONS = (
					"DEBUG=1",
					"$(inherited)",
				);
				GCC_WARN_64_TO_32_BIT_CONVERSION = YES;
				GCC_WARN_ABOUT_RETURN_TYPE = YES_ERROR;
				GCC_WARN_UNDECLARED_SELECTOR = YES;
				GCC_WARN_UNINITIALIZED_AUTOS = YES_AGGRESSIVE;
				GCC_WARN_UNUSED_FUNCTION = YES;
				GCC_WARN_UNUSED_VARIABLE = YES;
				IPHONEOS_DEPLOYMENT_TARGET = 14.5;
				MTL_ENABLE_DEBUG_INFO = INCLUDE_SOURCE;
				MTL_FAST_MATH = YES;
				ONLY_ACTIVE_ARCH = YES;
				SDKROOT = iphoneos;
				SWIFT_ACTIVE_COMPILATION_CONDITIONS = DEBUG;
				SWIFT_OPTIMIZATION_LEVEL = "-Onone";
			};
			name = Debug;
		};
		2F21775B26BDF453008B3729 /* Release */ = {
			isa = XCBuildConfiguration;
			buildSettings = {
				ALWAYS_SEARCH_USER_PATHS = NO;
				CLANG_ANALYZER_NONNULL = YES;
				CLANG_ANALYZER_NUMBER_OBJECT_CONVERSION = YES_AGGRESSIVE;
				CLANG_CXX_LANGUAGE_STANDARD = "gnu++14";
				CLANG_CXX_LIBRARY = "libc++";
				CLANG_ENABLE_MODULES = YES;
				CLANG_ENABLE_OBJC_ARC = YES;
				CLANG_ENABLE_OBJC_WEAK = YES;
				CLANG_WARN_BLOCK_CAPTURE_AUTORELEASING = YES;
				CLANG_WARN_BOOL_CONVERSION = YES;
				CLANG_WARN_COMMA = YES;
				CLANG_WARN_CONSTANT_CONVERSION = YES;
				CLANG_WARN_DEPRECATED_OBJC_IMPLEMENTATIONS = YES;
				CLANG_WARN_DIRECT_OBJC_ISA_USAGE = YES_ERROR;
				CLANG_WARN_DOCUMENTATION_COMMENTS = YES;
				CLANG_WARN_EMPTY_BODY = YES;
				CLANG_WARN_ENUM_CONVERSION = YES;
				CLANG_WARN_INFINITE_RECURSION = YES;
				CLANG_WARN_INT_CONVERSION = YES;
				CLANG_WARN_NON_LITERAL_NULL_CONVERSION = YES;
				CLANG_WARN_OBJC_IMPLICIT_RETAIN_SELF = YES;
				CLANG_WARN_OBJC_LITERAL_CONVERSION = YES;
				CLANG_WARN_OBJC_ROOT_CLASS = YES_ERROR;
				CLANG_WARN_QUOTED_INCLUDE_IN_FRAMEWORK_HEADER = YES;
				CLANG_WARN_RANGE_LOOP_ANALYSIS = YES;
				CLANG_WARN_STRICT_PROTOTYPES = YES;
				CLANG_WARN_SUSPICIOUS_MOVE = YES;
				CLANG_WARN_UNGUARDED_AVAILABILITY = YES_AGGRESSIVE;
				CLANG_WARN_UNREACHABLE_CODE = YES;
				CLANG_WARN__DUPLICATE_METHOD_MATCH = YES;
				COPY_PHASE_STRIP = NO;
				DEBUG_INFORMATION_FORMAT = "dwarf-with-dsym";
				ENABLE_NS_ASSERTIONS = NO;
				ENABLE_STRICT_OBJC_MSGSEND = YES;
				GCC_C_LANGUAGE_STANDARD = gnu11;
				GCC_NO_COMMON_BLOCKS = YES;
				GCC_WARN_64_TO_32_BIT_CONVERSION = YES;
				GCC_WARN_ABOUT_RETURN_TYPE = YES_ERROR;
				GCC_WARN_UNDECLARED_SELECTOR = YES;
				GCC_WARN_UNINITIALIZED_AUTOS = YES_AGGRESSIVE;
				GCC_WARN_UNUSED_FUNCTION = YES;
				GCC_WARN_UNUSED_VARIABLE = YES;
				IPHONEOS_DEPLOYMENT_TARGET = 14.5;
				MTL_ENABLE_DEBUG_INFO = NO;
				MTL_FAST_MATH = YES;
				SDKROOT = iphoneos;
				SWIFT_COMPILATION_MODE = wholemodule;
				SWIFT_OPTIMIZATION_LEVEL = "-O";
				VALIDATE_PRODUCT = YES;
			};
			name = Release;
		};
		2F21775D26BDF453008B3729 /* Debug */ = {
			isa = XCBuildConfiguration;
			buildSettings = {
				ASSETCATALOG_COMPILER_APPICON_NAME = AppIcon;
				ASSETCATALOG_COMPILER_GLOBAL_ACCENT_COLOR_NAME = AccentColor;
				CODE_SIGN_STYLE = Automatic;
				DEVELOPMENT_ASSET_PATHS = "\"Olympus/Preview Content\"";
				ENABLE_PREVIEWS = YES;
				INFOPLIST_FILE = Olympus/Info.plist;
				IPHONEOS_DEPLOYMENT_TARGET = 14.0;
				LD_RUNPATH_SEARCH_PATHS = (
					"$(inherited)",
					"@executable_path/Frameworks",
				);
				PRODUCT_BUNDLE_IDENTIFIER = Kosmos.Olympus;
				PRODUCT_NAME = "$(TARGET_NAME)";
				SWIFT_VERSION = 5.0;
				TARGETED_DEVICE_FAMILY = "1,2";
			};
			name = Debug;
		};
		2F21775E26BDF453008B3729 /* Release */ = {
			isa = XCBuildConfiguration;
			buildSettings = {
				ASSETCATALOG_COMPILER_APPICON_NAME = AppIcon;
				ASSETCATALOG_COMPILER_GLOBAL_ACCENT_COLOR_NAME = AccentColor;
				CODE_SIGN_STYLE = Automatic;
				DEVELOPMENT_ASSET_PATHS = "\"Olympus/Preview Content\"";
				ENABLE_PREVIEWS = YES;
				INFOPLIST_FILE = Olympus/Info.plist;
				IPHONEOS_DEPLOYMENT_TARGET = 14.0;
				LD_RUNPATH_SEARCH_PATHS = (
					"$(inherited)",
					"@executable_path/Frameworks",
				);
				PRODUCT_BUNDLE_IDENTIFIER = Kosmos.Olympus;
				PRODUCT_NAME = "$(TARGET_NAME)";
				SWIFT_VERSION = 5.0;
				TARGETED_DEVICE_FAMILY = "1,2";
			};
			name = Release;
		};
/* End XCBuildConfiguration section */

/* Begin XCConfigurationList section */
		2F21774826BDF450008B3729 /* Build configuration list for PBXProject "Olympus" */ = {
			isa = XCConfigurationList;
			buildConfigurations = (
				2F21775A26BDF453008B3729 /* Debug */,
				2F21775B26BDF453008B3729 /* Release */,
			);
			defaultConfigurationIsVisible = 0;
			defaultConfigurationName = Release;
		};
		2F21775C26BDF453008B3729 /* Build configuration list for PBXNativeTarget "Olympus" */ = {
			isa = XCConfigurationList;
			buildConfigurations = (
				2F21775D26BDF453008B3729 /* Debug */,
				2F21775E26BDF453008B3729 /* Release */,
			);
			defaultConfigurationIsVisible = 0;
			defaultConfigurationName = Release;
		};
/* End XCConfigurationList section */
	};
	rootObject = 2F21774526BDF450008B3729 /* Project object */;
}
